
Microsoft Visual Studio Solution File, Format Version 11.00
# Visual Studio 2010
Project("{FAE04EC0-301F-11D3-BF4B-00C04F79EFBC}") = "Assembly-CSharp", "Assembly-CSharp.csproj", "{5c49704a-e083-4837-ee48-898c09aab493}"
EndProject
Project("{FAE04EC0-301F-11D3-BF4B-00C04F79EFBC}") = "Assembly-CSharp-Editor", "Assembly-CSharp-Editor.csproj", "{987bbde2-52bf-b674-e8d8-835761023202}"
EndProject
Global
	GlobalSection(SolutionConfigurationPlatforms) = preSolution
		Debug|Any CPU = Debug|Any CPU
	EndGlobalSection
	GlobalSection(ProjectConfigurationPlatforms) = postSolution
		{5c49704a-e083-4837-ee48-898c09aab493}.Debug|Any CPU.ActiveCfg = Debug|Any CPU
		{5c49704a-e083-4837-ee48-898c09aab493}.Debug|Any CPU.Build.0 = Debug|Any CPU
		{987bbde2-52bf-b674-e8d8-835761023202}.Debug|Any CPU.ActiveCfg = Debug|Any CPU
		{987bbde2-52bf-b674-e8d8-835761023202}.Debug|Any CPU.Build.0 = Debug|Any CPU
	EndGlobalSection
	GlobalSection(SolutionProperties) = preSolution
		HideSolutionNode = FALSE
	EndGlobalSection
EndGlobal
